
Microsoft Visual Studio Solution File, Format Version 12.00
# Visual Studio Version 17
VisualStudioVersion = 17.10.35013.160
MinimumVisualStudioVersion = 10.0.40219.1
Project("{FAE04EC0-301F-11D3-BF4B-00C04F79EFBC}") = "GraphQL CRUD with EF", "GraphQL CRUD with EF\GraphQL CRUD with EF.csproj", "{F5ED9B94-1440-4D89-9C80-6AEDC2BB7C74}"
EndProject
Global
	GlobalSection(SolutionConfigurationPlatforms) = preSolution
		Debug|Any CPU = Debug|Any CPU
		Release|Any CPU = Release|Any CPU
	EndGlobalSection
	GlobalSection(ProjectConfigurationPlatforms) = postSolution
		{F5ED9B94-1440-4D89-9C80-6AEDC2BB7C74}.Debug|Any CPU.ActiveCfg = Debug|Any CPU
		{F5ED9B94-1440-4D89-9C80-6AEDC2BB7C74}.Debug|Any CPU.Build.0 = Debug|Any CPU
		{F5ED9B94-1440-4D89-9C80-6AEDC2BB7C74}.Release|Any CPU.ActiveCfg = Release|Any CPU
		{F5ED9B94-1440-4D89-9C80-6AEDC2BB7C74}.Release|Any CPU.Build.0 = Release|Any CPU
	EndGlobalSection
	GlobalSection(SolutionProperties) = preSolution
		HideSolutionNode = FALSE
	EndGlobalSection
	GlobalSection(ExtensibilityGlobals) = postSolution
		SolutionGuid = {03C59439-5B58-4896-916D-82393E2AFD15}
	EndGlobalSection
EndGlobal
